
Microsoft Visual Studio Solution File, Format Version 12.00
# Visual Studio Version 17
VisualStudioVersion = 17.14.36408.4
MinimumVisualStudioVersion = 10.0.40219.1
Project("{8BC9CEB8-8B4A-11D0-8D11-00A0C91BC942}") = "Image_To_ICO", "Image_To_ICO\Image_To_ICO.vcxproj", "{79970094-61A8-4F08-8B1D-52DA478DEF77}"
EndProject
Project("{8BC9CEB8-8B4A-11D0-8D11-00A0C91BC942}") = "Converter", "Converter\Converter.vcxproj", "{828AC830-39EE-4B0F-85CA-59C0B4628D75}"
EndProject
Global
	GlobalSection(SolutionConfigurationPlatforms) = preSolution
		Debug|x64 = Debug|x64
		Debug|x86 = Debug|x86
		Release|x64 = Release|x64
		Release|x86 = Release|x86
	EndGlobalSection
	GlobalSection(ProjectConfigurationPlatforms) = postSolution
		{79970094-61A8-4F08-8B1D-52DA478DEF77}.Debug|x64.ActiveCfg = Debug|x64
		{79970094-61A8-4F08-8B1D-52DA478DEF77}.Debug|x64.Build.0 = Debug|x64
		{79970094-61A8-4F08-8B1D-52DA478DEF77}.Debug|x86.ActiveCfg = Debug|Win32
		{79970094-61A8-4F08-8B1D-52DA478DEF77}.Debug|x86.Build.0 = Debug|Win32
		{79970094-61A8-4F08-8B1D-52DA478DEF77}.Release|x64.ActiveCfg = Release|x64
		{79970094-61A8-4F08-8B1D-52DA478DEF77}.Release|x64.Build.0 = Release|x64
		{79970094-61A8-4F08-8B1D-52DA478DEF77}.Release|x86.ActiveCfg = Release|Win32
		{79970094-61A8-4F08-8B1D-52DA478DEF77}.Release|x86.Build.0 = Release|Win32
		{828AC830-39EE-4B0F-85CA-59C0B4628D75}.Debug|x64.ActiveCfg = Debug|x64
		{828AC830-39EE-4B0F-85CA-59C0B4628D75}.Debug|x64.Build.0 = Debug|x64
		{828AC830-39EE-4B0F-85CA-59C0B4628D75}.Debug|x86.ActiveCfg = Debug|Win32
		{828AC830-39EE-4B0F-85CA-59C0B4628D75}.Debug|x86.Build.0 = Debug|Win32
		{828AC830-39EE-4B0F-85CA-59C0B4628D75}.Release|x64.ActiveCfg = Release|x64
		{828AC830-39EE-4B0F-85CA-59C0B4628D75}.Release|x64.Build.0 = Release|x64
		{828AC830-39EE-4B0F-85CA-59C0B4628D75}.Release|x86.ActiveCfg = Release|Win32
		{828AC830-39EE-4B0F-85CA-59C0B4628D75}.Release|x86.Build.0 = Release|Win32
	EndGlobalSection
	GlobalSection(SolutionProperties) = preSolution
		HideSolutionNode = FALSE
	EndGlobalSection
	GlobalSection(ExtensibilityGlobals) = postSolution
		SolutionGuid = {1150549C-82B9-42A0-B68B-2AC3377F0709}
	EndGlobalSection
EndGlobal
